
Microsoft Visual Studio Solution File, Format Version 12.00
# Visual Studio Version 16
VisualStudioVersion = 16.0.32802.440
MinimumVisualStudioVersion = 10.0.40219.1
Project("{8BC9CEB8-8B4A-11D0-8D11-00A0C91BC942}") = "PEParse", "PEParse\PEParse.vcxproj", "{28C98F58-9F1F-4296-BE13-BE8D801575C3}"
EndProject
Project("{8BC9CEB8-8B4A-11D0-8D11-00A0C91BC942}") = "OutputLog", "OutputLog\OutputLog.vcxproj", "{E19CD929-5892-40E4-8E8B-5013EE3FBE28}"
EndProject
Project("{8BC9CEB8-8B4A-11D0-8D11-00A0C91BC942}") = "DllDemo", "DllDemo\DllDemo.vcxproj", "{C2C991E9-308E-4B39-AA2A-6BE3305BC4E1}"
EndProject
Project("{8BC9CEB8-8B4A-11D0-8D11-00A0C91BC942}") = "Demo", "AssembleDemo\AssembleDemo.vcxproj", "{299933EB-2826-4EF7-933C-378D129FF5C1}"
EndProject
Project("{8BC9CEB8-8B4A-11D0-8D11-00A0C91BC942}") = "ServiceProgramTask", "ServiceProgramTask\ServiceProgramTask.vcxproj", "{F54FAB42-8005-463B-901A-0DBC05D9689B}"
EndProject
Project("{8BC9CEB8-8B4A-11D0-8D11-00A0C91BC942}") = "ApiTest", "ApiTest\ApiTest.vcxproj", "{4D293A8F-924D-442C-9A58-9D81A9A5A811}"
EndProject
Project("{8BC9CEB8-8B4A-11D0-8D11-00A0C91BC942}") = "ELFParse", "ELFParse\ELFParse.vcxproj", "{0F4AEA0D-4FD9-4199-9B41-9D009E4F5D1D}"
EndProject
Project("{8BC9CEB8-8B4A-11D0-8D11-00A0C91BC942}") = "low_level_inject", "low_level_inject\low_level_inject.vcxproj", "{2AE18376-54D3-4314-94D3-71464FC4BF6E}"
EndProject
Project("{8BC9CEB8-8B4A-11D0-8D11-00A0C91BC942}") = "low_level_inject_exe", "low_level_inject_exe\low_level_inject_exe.vcxproj", "{CD233F24-9F83-44A5-99EC-2BBF88A0419C}"
EndProject
Project("{8BC9CEB8-8B4A-11D0-8D11-00A0C91BC942}") = "KernelDemo", "KernelDemo\KernelDemo.vcxproj", "{6E338221-E254-47C1-8A03-5483E99E8EA9}"
EndProject
Project("{8BC9CEB8-8B4A-11D0-8D11-00A0C91BC942}") = "detours_hook_dll", "detours_hook_dll\detours_hook_dll.vcxproj", "{6E232249-6038-44E3-A514-C283BB69B77C}"
EndProject
Project("{8BC9CEB8-8B4A-11D0-8D11-00A0C91BC942}") = "cpp_learn", "cpp_learn\cpp_learn.vcxproj", "{78148448-2B30-448D-BDE1-12C9A923A501}"
EndProject
Project("{8BC9CEB8-8B4A-11D0-8D11-00A0C91BC942}") = "Socket", "Socket\Socket.vcxproj", "{4E6E82D0-05AC-4748-94AB-095B40AD5119}"
EndProject
Project("{8BC9CEB8-8B4A-11D0-8D11-00A0C91BC942}") = "ez_thread_pool", "myutils\ez_thread_pool\thread_pool.vcxproj", "{AADAA18A-DAEF-4273-97AB-24364E4FDAB4}"
EndProject
Project("{8BC9CEB8-8B4A-11D0-8D11-00A0C91BC942}") = "ez_queue", "myutils\ez_queue\ez_queue.vcxproj", "{767667CD-8224-467C-88ED-C068EFD3B2BD}"
EndProject
Project("{8BC9CEB8-8B4A-11D0-8D11-00A0C91BC942}") = "ez_test", "myutils\ez_test\ez_test.vcxproj", "{8B2C5646-79E2-4428-87F0-F5153DEB807D}"
EndProject
Project("{8BC9CEB8-8B4A-11D0-8D11-00A0C91BC942}") = "ez_grpc", "myutils\ez_grpc\ez_grpc.vcxproj", "{A3DAA71E-6DA9-4665-88D7-CC53790348D6}"
EndProject
Global
	GlobalSection(SolutionConfigurationPlatforms) = preSolution
		Debug|ARM = Debug|ARM
		Debug|ARM64 = Debug|ARM64
		Debug|x64 = Debug|x64
		Debug|x86 = Debug|x86
		Release|ARM = Release|ARM
		Release|ARM64 = Release|ARM64
		Release|x64 = Release|x64
		Release|x86 = Release|x86
	EndGlobalSection
	GlobalSection(ProjectConfigurationPlatforms) = postSolution
		{28C98F58-9F1F-4296-BE13-BE8D801575C3}.Debug|ARM.ActiveCfg = Debug|Win32
		{28C98F58-9F1F-4296-BE13-BE8D801575C3}.Debug|ARM64.ActiveCfg = Debug|Win32
		{28C98F58-9F1F-4296-BE13-BE8D801575C3}.Debug|x64.ActiveCfg = Debug|x64
		{28C98F58-9F1F-4296-BE13-BE8D801575C3}.Debug|x64.Build.0 = Debug|x64
		{28C98F58-9F1F-4296-BE13-BE8D801575C3}.Debug|x86.ActiveCfg = Debug|Win32
		{28C98F58-9F1F-4296-BE13-BE8D801575C3}.Debug|x86.Build.0 = Debug|Win32
		{28C98F58-9F1F-4296-BE13-BE8D801575C3}.Release|ARM.ActiveCfg = Release|Win32
		{28C98F58-9F1F-4296-BE13-BE8D801575C3}.Release|ARM64.ActiveCfg = Release|Win32
		{28C98F58-9F1F-4296-BE13-BE8D801575C3}.Release|x64.ActiveCfg = Release|x64
		{28C98F58-9F1F-4296-BE13-BE8D801575C3}.Release|x64.Build.0 = Release|x64
		{28C98F58-9F1F-4296-BE13-BE8D801575C3}.Release|x86.ActiveCfg = Release|Win32
		{28C98F58-9F1F-4296-BE13-BE8D801575C3}.Release|x86.Build.0 = Release|Win32
		{E19CD929-5892-40E4-8E8B-5013EE3FBE28}.Debug|ARM.ActiveCfg = Debug|Win32
		{E19CD929-5892-40E4-8E8B-5013EE3FBE28}.Debug|ARM64.ActiveCfg = Debug|Win32
		{E19CD929-5892-40E4-8E8B-5013EE3FBE28}.Debug|x64.ActiveCfg = Debug|x64
		{E19CD929-5892-40E4-8E8B-5013EE3FBE28}.Debug|x64.Build.0 = Debug|x64
		{E19CD929-5892-40E4-8E8B-5013EE3FBE28}.Debug|x86.ActiveCfg = Debug|Win32
		{E19CD929-5892-40E4-8E8B-5013EE3FBE28}.Debug|x86.Build.0 = Debug|Win32
		{E19CD929-5892-40E4-8E8B-5013EE3FBE28}.Release|ARM.ActiveCfg = Release|Win32
		{E19CD929-5892-40E4-8E8B-5013EE3FBE28}.Release|ARM64.ActiveCfg = Release|Win32
		{E19CD929-5892-40E4-8E8B-5013EE3FBE28}.Release|x64.ActiveCfg = Release|x64
		{E19CD929-5892-40E4-8E8B-5013EE3FBE28}.Release|x64.Build.0 = Release|x64
		{E19CD929-5892-40E4-8E8B-5013EE3FBE28}.Release|x86.ActiveCfg = Release|Win32
		{E19CD929-5892-40E4-8E8B-5013EE3FBE28}.Release|x86.Build.0 = Release|Win32
		{C2C991E9-308E-4B39-AA2A-6BE3305BC4E1}.Debug|ARM.ActiveCfg = Debug|Win32
		{C2C991E9-308E-4B39-AA2A-6BE3305BC4E1}.Debug|ARM64.ActiveCfg = Debug|Win32
		{C2C991E9-308E-4B39-AA2A-6BE3305BC4E1}.Debug|x64.ActiveCfg = Debug|x64
		{C2C991E9-308E-4B39-AA2A-6BE3305BC4E1}.Debug|x64.Build.0 = Debug|x64
		{C2C991E9-308E-4B39-AA2A-6BE3305BC4E1}.Debug|x86.ActiveCfg = Debug|Win32
		{C2C991E9-308E-4B39-AA2A-6BE3305BC4E1}.Debug|x86.Build.0 = Debug|Win32
		{C2C991E9-308E-4B39-AA2A-6BE3305BC4E1}.Release|ARM.ActiveCfg = Release|Win32
		{C2C991E9-308E-4B39-AA2A-6BE3305BC4E1}.Release|ARM64.ActiveCfg = Release|Win32
		{C2C991E9-308E-4B39-AA2A-6BE3305BC4E1}.Release|x64.ActiveCfg = Release|x64
		{C2C991E9-308E-4B39-AA2A-6BE3305BC4E1}.Release|x64.Build.0 = Release|x64
		{C2C991E9-308E-4B39-AA2A-6BE3305BC4E1}.Release|x86.ActiveCfg = Release|Win32
		{C2C991E9-308E-4B39-AA2A-6BE3305BC4E1}.Release|x86.Build.0 = Release|Win32
		{299933EB-2826-4EF7-933C-378D129FF5C1}.Debug|ARM.ActiveCfg = Debug|Win32
		{299933EB-2826-4EF7-933C-378D129FF5C1}.Debug|ARM64.ActiveCfg = Debug|Win32
		{299933EB-2826-4EF7-933C-378D129FF5C1}.Debug|x64.ActiveCfg = Debug|x64
		{299933EB-2826-4EF7-933C-378D129FF5C1}.Debug|x64.Build.0 = Debug|x64
		{299933EB-2826-4EF7-933C-378D129FF5C1}.Debug|x86.ActiveCfg = Debug|Win32
		{299933EB-2826-4EF7-933C-378D129FF5C1}.Debug|x86.Build.0 = Debug|Win32
		{299933EB-2826-4EF7-933C-378D129FF5C1}.Release|ARM.ActiveCfg = Release|Win32
		{299933EB-2826-4EF7-933C-378D129FF5C1}.Release|ARM64.ActiveCfg = Release|Win32
		{299933EB-2826-4EF7-933C-378D129FF5C1}.Release|x64.ActiveCfg = Release|x64
		{299933EB-2826-4EF7-933C-378D129FF5C1}.Release|x64.Build.0 = Release|x64
		{299933EB-2826-4EF7-933C-378D129FF5C1}.Release|x86.ActiveCfg = Release|Win32
		{299933EB-2826-4EF7-933C-378D129FF5C1}.Release|x86.Build.0 = Release|Win32
		{F54FAB42-8005-463B-901A-0DBC05D9689B}.Debug|ARM.ActiveCfg = Debug|Win32
		{F54FAB42-8005-463B-901A-0DBC05D9689B}.Debug|ARM64.ActiveCfg = Debug|Win32
		{F54FAB42-8005-463B-901A-0DBC05D9689B}.Debug|x64.ActiveCfg = Debug|x64
		{F54FAB42-8005-463B-901A-0DBC05D9689B}.Debug|x64.Build.0 = Debug|x64
		{F54FAB42-8005-463B-901A-0DBC05D9689B}.Debug|x86.ActiveCfg = Debug|Win32
		{F54FAB42-8005-463B-901A-0DBC05D9689B}.Debug|x86.Build.0 = Debug|Win32
		{F54FAB42-8005-463B-901A-0DBC05D9689B}.Release|ARM.ActiveCfg = Release|Win32
		{F54FAB42-8005-463B-901A-0DBC05D9689B}.Release|ARM64.ActiveCfg = Release|Win32
		{F54FAB42-8005-463B-901A-0DBC05D9689B}.Release|x64.ActiveCfg = Release|x64
		{F54FAB42-8005-463B-901A-0DBC05D9689B}.Release|x64.Build.0 = Release|x64
		{F54FAB42-8005-463B-901A-0DBC05D9689B}.Release|x86.ActiveCfg = Release|Win32
		{F54FAB42-8005-463B-901A-0DBC05D9689B}.Release|x86.Build.0 = Release|Win32
		{4D293A8F-924D-442C-9A58-9D81A9A5A811}.Debug|ARM.ActiveCfg = Debug|Win32
		{4D293A8F-924D-442C-9A58-9D81A9A5A811}.Debug|ARM64.ActiveCfg = Debug|Win32
		{4D293A8F-924D-442C-9A58-9D81A9A5A811}.Debug|x64.ActiveCfg = Debug|x64
		{4D293A8F-924D-442C-9A58-9D81A9A5A811}.Debug|x64.Build.0 = Debug|x64
		{4D293A8F-924D-442C-9A58-9D81A9A5A811}.Debug|x86.ActiveCfg = Debug|Win32
		{4D293A8F-924D-442C-9A58-9D81A9A5A811}.Debug|x86.Build.0 = Debug|Win32
		{4D293A8F-924D-442C-9A58-9D81A9A5A811}.Release|ARM.ActiveCfg = Release|Win32
		{4D293A8F-924D-442C-9A58-9D81A9A5A811}.Release|ARM64.ActiveCfg = Release|Win32
		{4D293A8F-924D-442C-9A58-9D81A9A5A811}.Release|x64.ActiveCfg = Release|x64
		{4D293A8F-924D-442C-9A58-9D81A9A5A811}.Release|x64.Build.0 = Release|x64
		{4D293A8F-924D-442C-9A58-9D81A9A5A811}.Release|x86.ActiveCfg = Release|Win32
		{4D293A8F-924D-442C-9A58-9D81A9A5A811}.Release|x86.Build.0 = Release|Win32
		{0F4AEA0D-4FD9-4199-9B41-9D009E4F5D1D}.Debug|ARM.ActiveCfg = Debug|Win32
		{0F4AEA0D-4FD9-4199-9B41-9D009E4F5D1D}.Debug|ARM64.ActiveCfg = Debug|Win32
		{0F4AEA0D-4FD9-4199-9B41-9D009E4F5D1D}.Debug|x64.ActiveCfg = Debug|x64
		{0F4AEA0D-4FD9-4199-9B41-9D009E4F5D1D}.Debug|x64.Build.0 = Debug|x64
		{0F4AEA0D-4FD9-4199-9B41-9D009E4F5D1D}.Debug|x86.ActiveCfg = Debug|Win32
		{0F4AEA0D-4FD9-4199-9B41-9D009E4F5D1D}.Debug|x86.Build.0 = Debug|Win32
		{0F4AEA0D-4FD9-4199-9B41-9D009E4F5D1D}.Release|ARM.ActiveCfg = Release|Win32
		{0F4AEA0D-4FD9-4199-9B41-9D009E4F5D1D}.Release|ARM64.ActiveCfg = Release|Win32
		{0F4AEA0D-4FD9-4199-9B41-9D009E4F5D1D}.Release|x64.ActiveCfg = Release|x64
		{0F4AEA0D-4FD9-4199-9B41-9D009E4F5D1D}.Release|x64.Build.0 = Release|x64
		{0F4AEA0D-4FD9-4199-9B41-9D009E4F5D1D}.Release|x86.ActiveCfg = Release|Win32
		{0F4AEA0D-4FD9-4199-9B41-9D009E4F5D1D}.Release|x86.Build.0 = Release|Win32
		{2AE18376-54D3-4314-94D3-71464FC4BF6E}.Debug|ARM.ActiveCfg = Debug|Win32
		{2AE18376-54D3-4314-94D3-71464FC4BF6E}.Debug|ARM64.ActiveCfg = Debug|Win32
		{2AE18376-54D3-4314-94D3-71464FC4BF6E}.Debug|x64.ActiveCfg = Debug|x64
		{2AE18376-54D3-4314-94D3-71464FC4BF6E}.Debug|x64.Build.0 = Debug|x64
		{2AE18376-54D3-4314-94D3-71464FC4BF6E}.Debug|x86.ActiveCfg = Debug|Win32
		{2AE18376-54D3-4314-94D3-71464FC4BF6E}.Debug|x86.Build.0 = Debug|Win32
		{2AE18376-54D3-4314-94D3-71464FC4BF6E}.Release|ARM.ActiveCfg = Release|Win32
		{2AE18376-54D3-4314-94D3-71464FC4BF6E}.Release|ARM64.ActiveCfg = Release|Win32
		{2AE18376-54D3-4314-94D3-71464FC4BF6E}.Release|x64.ActiveCfg = Release|x64
		{2AE18376-54D3-4314-94D3-71464FC4BF6E}.Release|x64.Build.0 = Release|x64
		{2AE18376-54D3-4314-94D3-71464FC4BF6E}.Release|x86.ActiveCfg = Release|Win32
		{2AE18376-54D3-4314-94D3-71464FC4BF6E}.Release|x86.Build.0 = Release|Win32
		{CD233F24-9F83-44A5-99EC-2BBF88A0419C}.Debug|ARM.ActiveCfg = Debug|Win32
		{CD233F24-9F83-44A5-99EC-2BBF88A0419C}.Debug|ARM64.ActiveCfg = Debug|Win32
		{CD233F24-9F83-44A5-99EC-2BBF88A0419C}.Debug|x64.ActiveCfg = Debug|x64
		{CD233F24-9F83-44A5-99EC-2BBF88A0419C}.Debug|x64.Build.0 = Debug|x64
		{CD233F24-9F83-44A5-99EC-2BBF88A0419C}.Debug|x86.ActiveCfg = Debug|Win32
		{CD233F24-9F83-44A5-99EC-2BBF88A0419C}.Debug|x86.Build.0 = Debug|Win32
		{CD233F24-9F83-44A5-99EC-2BBF88A0419C}.Release|ARM.ActiveCfg = Release|Win32
		{CD233F24-9F83-44A5-99EC-2BBF88A0419C}.Release|ARM64.ActiveCfg = Release|Win32
		{CD233F24-9F83-44A5-99EC-2BBF88A0419C}.Release|x64.ActiveCfg = Release|x64
		{CD233F24-9F83-44A5-99EC-2BBF88A0419C}.Release|x64.Build.0 = Release|x64
		{CD233F24-9F83-44A5-99EC-2BBF88A0419C}.Release|x86.ActiveCfg = Release|Win32
		{CD233F24-9F83-44A5-99EC-2BBF88A0419C}.Release|x86.Build.0 = Release|Win32
		{6E338221-E254-47C1-8A03-5483E99E8EA9}.Debug|ARM.ActiveCfg = Debug|ARM
		{6E338221-E254-47C1-8A03-5483E99E8EA9}.Debug|ARM.Build.0 = Debug|ARM
		{6E338221-E254-47C1-8A03-5483E99E8EA9}.Debug|ARM.Deploy.0 = Debug|ARM
		{6E338221-E254-47C1-8A03-5483E99E8EA9}.Debug|ARM64.ActiveCfg = Debug|ARM64
		{6E338221-E254-47C1-8A03-5483E99E8EA9}.Debug|ARM64.Build.0 = Debug|ARM64
		{6E338221-E254-47C1-8A03-5483E99E8EA9}.Debug|ARM64.Deploy.0 = Debug|ARM64
		{6E338221-E254-47C1-8A03-5483E99E8EA9}.Debug|x64.ActiveCfg = Debug|x64
		{6E338221-E254-47C1-8A03-5483E99E8EA9}.Debug|x64.Build.0 = Debug|x64
		{6E338221-E254-47C1-8A03-5483E99E8EA9}.Debug|x64.Deploy.0 = Debug|x64
		{6E338221-E254-47C1-8A03-5483E99E8EA9}.Debug|x86.ActiveCfg = Debug|Win32
		{6E338221-E254-47C1-8A03-5483E99E8EA9}.Debug|x86.Build.0 = Debug|Win32
		{6E338221-E254-47C1-8A03-5483E99E8EA9}.Debug|x86.Deploy.0 = Debug|Win32
		{6E338221-E254-47C1-8A03-5483E99E8EA9}.Release|ARM.ActiveCfg = Release|ARM
		{6E338221-E254-47C1-8A03-5483E99E8EA9}.Release|ARM.Build.0 = Release|ARM
		{6E338221-E254-47C1-8A03-5483E99E8EA9}.Release|ARM.Deploy.0 = Release|ARM
		{6E338221-E254-47C1-8A03-5483E99E8EA9}.Release|ARM64.ActiveCfg = Release|ARM64
		{6E338221-E254-47C1-8A03-5483E99E8EA9}.Release|ARM64.Build.0 = Release|ARM64
		{6E338221-E254-47C1-8A03-5483E99E8EA9}.Release|ARM64.Deploy.0 = Release|ARM64
		{6E338221-E254-47C1-8A03-5483E99E8EA9}.Release|x64.ActiveCfg = Release|x64
		{6E338221-E254-47C1-8A03-5483E99E8EA9}.Release|x64.Build.0 = Release|x64
		{6E338221-E254-47C1-8A03-5483E99E8EA9}.Release|x64.Deploy.0 = Release|x64
		{6E338221-E254-47C1-8A03-5483E99E8EA9}.Release|x86.ActiveCfg = Release|Win32
		{6E338221-E254-47C1-8A03-5483E99E8EA9}.Release|x86.Build.0 = Release|Win32
		{6E338221-E254-47C1-8A03-5483E99E8EA9}.Release|x86.Deploy.0 = Release|Win32
		{6E232249-6038-44E3-A514-C283BB69B77C}.Debug|ARM.ActiveCfg = Debug|Win32
		{6E232249-6038-44E3-A514-C283BB69B77C}.Debug|ARM64.ActiveCfg = Debug|Win32
		{6E232249-6038-44E3-A514-C283BB69B77C}.Debug|x64.ActiveCfg = Debug|x64
		{6E232249-6038-44E3-A514-C283BB69B77C}.Debug|x64.Build.0 = Debug|x64
		{6E232249-6038-44E3-A514-C283BB69B77C}.Debug|x86.ActiveCfg = Debug|Win32
		{6E232249-6038-44E3-A514-C283BB69B77C}.Debug|x86.Build.0 = Debug|Win32
		{6E232249-6038-44E3-A514-C283BB69B77C}.Release|ARM.ActiveCfg = Release|Win32
		{6E232249-6038-44E3-A514-C283BB69B77C}.Release|ARM64.ActiveCfg = Release|Win32
		{6E232249-6038-44E3-A514-C283BB69B77C}.Release|x64.ActiveCfg = Release|x64
		{6E232249-6038-44E3-A514-C283BB69B77C}.Release|x64.Build.0 = Release|x64
		{6E232249-6038-44E3-A514-C283BB69B77C}.Release|x86.ActiveCfg = Release|Win32
		{6E232249-6038-44E3-A514-C283BB69B77C}.Release|x86.Build.0 = Release|Win32
		{78148448-2B30-448D-BDE1-12C9A923A501}.Debug|ARM.ActiveCfg = Debug|Win32
		{78148448-2B30-448D-BDE1-12C9A923A501}.Debug|ARM64.ActiveCfg = Debug|Win32
		{78148448-2B30-448D-BDE1-12C9A923A501}.Debug|x64.ActiveCfg = Debug|x64
		{78148448-2B30-448D-BDE1-12C9A923A501}.Debug|x64.Build.0 = Debug|x64
		{78148448-2B30-448D-BDE1-12C9A923A501}.Debug|x86.ActiveCfg = Debug|Win32
		{78148448-2B30-448D-BDE1-12C9A923A501}.Debug|x86.Build.0 = Debug|Win32
		{78148448-2B30-448D-BDE1-12C9A923A501}.Release|ARM.ActiveCfg = Release|Win32
		{78148448-2B30-448D-BDE1-12C9A923A501}.Release|ARM64.ActiveCfg = Release|Win32
		{78148448-2B30-448D-BDE1-12C9A923A501}.Release|x64.ActiveCfg = Release|x64
		{78148448-2B30-448D-BDE1-12C9A923A501}.Release|x64.Build.0 = Release|x64
		{78148448-2B30-448D-BDE1-12C9A923A501}.Release|x86.ActiveCfg = Release|Win32
		{78148448-2B30-448D-BDE1-12C9A923A501}.Release|x86.Build.0 = Release|Win32
		{4E6E82D0-05AC-4748-94AB-095B40AD5119}.Debug|ARM.ActiveCfg = Debug|Win32
		{4E6E82D0-05AC-4748-94AB-095B40AD5119}.Debug|ARM64.ActiveCfg = Debug|Win32
		{4E6E82D0-05AC-4748-94AB-095B40AD5119}.Debug|x64.ActiveCfg = Debug|x64
		{4E6E82D0-05AC-4748-94AB-095B40AD5119}.Debug|x64.Build.0 = Debug|x64
		{4E6E82D0-05AC-4748-94AB-095B40AD5119}.Debug|x86.ActiveCfg = Debug|Win32
		{4E6E82D0-05AC-4748-94AB-095B40AD5119}.Debug|x86.Build.0 = Debug|Win32
		{4E6E82D0-05AC-4748-94AB-095B40AD5119}.Release|ARM.ActiveCfg = Release|Win32
		{4E6E82D0-05AC-4748-94AB-095B40AD5119}.Release|ARM64.ActiveCfg = Release|Win32
		{4E6E82D0-05AC-4748-94AB-095B40AD5119}.Release|x64.ActiveCfg = Release|x64
		{4E6E82D0-05AC-4748-94AB-095B40AD5119}.Release|x64.Build.0 = Release|x64
		{4E6E82D0-05AC-4748-94AB-095B40AD5119}.Release|x86.ActiveCfg = Release|Win32
		{4E6E82D0-05AC-4748-94AB-095B40AD5119}.Release|x86.Build.0 = Release|Win32
		{AADAA18A-DAEF-4273-97AB-24364E4FDAB4}.Debug|ARM.ActiveCfg = Debug|Win32
		{AADAA18A-DAEF-4273-97AB-24364E4FDAB4}.Debug|ARM64.ActiveCfg = Debug|Win32
		{AADAA18A-DAEF-4273-97AB-24364E4FDAB4}.Debug|x64.ActiveCfg = Debug|x64
		{AADAA18A-DAEF-4273-97AB-24364E4FDAB4}.Debug|x64.Build.0 = Debug|x64
		{AADAA18A-DAEF-4273-97AB-24364E4FDAB4}.Debug|x86.ActiveCfg = Debug|Win32
		{AADAA18A-DAEF-4273-97AB-24364E4FDAB4}.Debug|x86.Build.0 = Debug|Win32
		{AADAA18A-DAEF-4273-97AB-24364E4FDAB4}.Release|ARM.ActiveCfg = Release|Win32
		{AADAA18A-DAEF-4273-97AB-24364E4FDAB4}.Release|ARM64.ActiveCfg = Release|Win32
		{AADAA18A-DAEF-4273-97AB-24364E4FDAB4}.Release|x64.ActiveCfg = Release|x64
		{AADAA18A-DAEF-4273-97AB-24364E4FDAB4}.Release|x64.Build.0 = Release|x64
		{AADAA18A-DAEF-4273-97AB-24364E4FDAB4}.Release|x86.ActiveCfg = Release|Win32
		{AADAA18A-DAEF-4273-97AB-24364E4FDAB4}.Release|x86.Build.0 = Release|Win32
		{767667CD-8224-467C-88ED-C068EFD3B2BD}.Debug|ARM.ActiveCfg = Debug|Win32
		{767667CD-8224-467C-88ED-C068EFD3B2BD}.Debug|ARM64.ActiveCfg = Debug|Win32
		{767667CD-8224-467C-88ED-C068EFD3B2BD}.Debug|x64.ActiveCfg = Debug|x64
		{767667CD-8224-467C-88ED-C068EFD3B2BD}.Debug|x64.Build.0 = Debug|x64
		{767667CD-8224-467C-88ED-C068EFD3B2BD}.Debug|x86.ActiveCfg = Debug|Win32
		{767667CD-8224-467C-88ED-C068EFD3B2BD}.Debug|x86.Build.0 = Debug|Win32
		{767667CD-8224-467C-88ED-C068EFD3B2BD}.Release|ARM.ActiveCfg = Release|Win32
		{767667CD-8224-467C-88ED-C068EFD3B2BD}.Release|ARM64.ActiveCfg = Release|Win32
		{767667CD-8224-467C-88ED-C068EFD3B2BD}.Release|x64.ActiveCfg = Release|x64
		{767667CD-8224-467C-88ED-C068EFD3B2BD}.Release|x64.Build.0 = Release|x64
		{767667CD-8224-467C-88ED-C068EFD3B2BD}.Release|x86.ActiveCfg = Release|Win32
		{767667CD-8224-467C-88ED-C068EFD3B2BD}.Release|x86.Build.0 = Release|Win32
		{8B2C5646-79E2-4428-87F0-F5153DEB807D}.Debug|ARM.ActiveCfg = Debug|Win32
		{8B2C5646-79E2-4428-87F0-F5153DEB807D}.Debug|ARM64.ActiveCfg = Debug|Win32
		{8B2C5646-79E2-4428-87F0-F5153DEB807D}.Debug|x64.ActiveCfg = Debug|x64
		{8B2C5646-79E2-4428-87F0-F5153DEB807D}.Debug|x64.Build.0 = Debug|x64
		{8B2C5646-79E2-4428-87F0-F5153DEB807D}.Debug|x86.ActiveCfg = Debug|Win32
		{8B2C5646-79E2-4428-87F0-F5153DEB807D}.Debug|x86.Build.0 = Debug|Win32
		{8B2C5646-79E2-4428-87F0-F5153DEB807D}.Release|ARM.ActiveCfg = Release|Win32
		{8B2C5646-79E2-4428-87F0-F5153DEB807D}.Release|ARM64.ActiveCfg = Release|Win32
		{8B2C5646-79E2-4428-87F0-F5153DEB807D}.Release|x64.ActiveCfg = Release|x64
		{8B2C5646-79E2-4428-87F0-F5153DEB807D}.Release|x64.Build.0 = Release|x64
		{8B2C5646-79E2-4428-87F0-F5153DEB807D}.Release|x86.ActiveCfg = Release|Win32
		{8B2C5646-79E2-4428-87F0-F5153DEB807D}.Release|x86.Build.0 = Release|Win32
		{A3DAA71E-6DA9-4665-88D7-CC53790348D6}.Debug|ARM.ActiveCfg = Debug|Win32
		{A3DAA71E-6DA9-4665-88D7-CC53790348D6}.Debug|ARM64.ActiveCfg = Debug|Win32
		{A3DAA71E-6DA9-4665-88D7-CC53790348D6}.Debug|x64.ActiveCfg = Debug|x64
		{A3DAA71E-6DA9-4665-88D7-CC53790348D6}.Debug|x64.Build.0 = Debug|x64
		{A3DAA71E-6DA9-4665-88D7-CC53790348D6}.Debug|x86.ActiveCfg = Debug|Win32
		{A3DAA71E-6DA9-4665-88D7-CC53790348D6}.Debug|x86.Build.0 = Debug|Win32
		{A3DAA71E-6DA9-4665-88D7-CC53790348D6}.Release|ARM.ActiveCfg = Release|Win32
		{A3DAA71E-6DA9-4665-88D7-CC53790348D6}.Release|ARM64.ActiveCfg = Release|Win32
		{A3DAA71E-6DA9-4665-88D7-CC53790348D6}.Release|x64.ActiveCfg = Release|x64
		{A3DAA71E-6DA9-4665-88D7-CC53790348D6}.Release|x64.Build.0 = Release|x64
		{A3DAA71E-6DA9-4665-88D7-CC53790348D6}.Release|x86.ActiveCfg = Release|Win32
		{A3DAA71E-6DA9-4665-88D7-CC53790348D6}.Release|x86.Build.0 = Release|Win32
	EndGlobalSection
	GlobalSection(SolutionProperties) = preSolution
		HideSolutionNode = FALSE
	EndGlobalSection
	GlobalSection(ExtensibilityGlobals) = postSolution
		SolutionGuid = {D844D7DB-17F9-42D5-9D23-E9DA8DD3B52D}
	EndGlobalSection
EndGlobal
