<?xml version="1.0" encoding="utf-8"?>
<Project ToolsVersion="4.0" xmlns="http://schemas.microsoft.com/developer/msbuild/2003">
  <ItemGroup>
    <Filter Include="源文件">
      <UniqueIdentifier>{4FC737F1-C7A5-4376-A066-2A32D752A2FF}</UniqueIdentifier>
      <Extensions>cpp;c;cc;cxx;c++;cppm;ixx;def;odl;idl;hpj;bat;asm;asmx</Extensions>
    </Filter>
    <Filter Include="头文件">
      <UniqueIdentifier>{93995380-89BD-4b04-88EB-625FBE52EBFB}</UniqueIdentifier>
      <Extensions>h;hh;hpp;hxx;h++;hm;inl;inc;ipp;xsd</Extensions>
    </Filter>
    <Filter Include="资源文件">
      <UniqueIdentifier>{67DA6AB6-F800-4c08-8B7A-83BB121AAD01}</UniqueIdentifier>
      <Extensions>rc;ico;cur;bmp;dlg;rc2;rct;bin;rgs;gif;jpg;jpeg;jpe;resx;tiff;tif;png;wav;mfcribbon-ms</Extensions>
    </Filter>
    <Filter Include="源文件\grpc_client">
      <UniqueIdentifier>{013a5e7d-8bcb-4299-b5e1-f1c2775b1c74}</UniqueIdentifier>
    </Filter>
    <Filter Include="源文件\grpc_server">
      <UniqueIdentifier>{23c17fa5-9c9f-49cd-bd86-d5080426932d}</UniqueIdentifier>
    </Filter>
    <Filter Include="头文件\client">
      <UniqueIdentifier>{ba8aaafe-c0a4-4c1d-9d17-c50402c5f220}</UniqueIdentifier>
    </Filter>
    <Filter Include="头文件\server">
      <UniqueIdentifier>{b436683c-8f67-4c31-b025-1dff98b939c2}</UniqueIdentifier>
    </Filter>
    <Filter Include="proto">
      <UniqueIdentifier>{c758d926-7c8d-4608-ac13-90c141481a95}</UniqueIdentifier>
    </Filter>
  </ItemGroup>
  <ItemGroup>
    <ClInclude Include="..\include\ez_grpc\connect.h">
      <Filter>头文件</Filter>
    </ClInclude>
    <ClInclude Include="..\include\ez_grpc\handler.h">
      <Filter>头文件</Filter>
    </ClInclude>
    <ClInclude Include="..\include\ez_grpc\status.h">
      <Filter>头文件</Filter>
    </ClInclude>
    <ClInclude Include="..\include\ez_grpc\subscriber.h">
      <Filter>头文件</Filter>
    </ClInclude>
    <ClInclude Include="..\include\ez_grpc\client\client.h">
      <Filter>头文件\client</Filter>
    </ClInclude>
    <ClInclude Include="..\include\ez_grpc\client\client_connect.h">
      <Filter>头文件\client</Filter>
    </ClInclude>
    <ClInclude Include="..\include\ez_grpc\server\server.h">
      <Filter>头文件\server</Filter>
    </ClInclude>
    <ClInclude Include="..\include\ez_grpc\server\server_connect.h">
      <Filter>头文件\server</Filter>
    </ClInclude>
    <ClInclude Include="proto\ez.grpc.pb.h">
      <Filter>proto</Filter>
    </ClInclude>
    <ClInclude Include="proto\ez.pb.h">
      <Filter>proto</Filter>
    </ClInclude>
    <ClInclude Include="resource.h">
      <Filter>头文件</Filter>
    </ClInclude>
  </ItemGroup>
  <ItemGroup>
    <ClCompile Include="grpc_server\server.cpp">
      <Filter>源文件\grpc_server</Filter>
    </ClCompile>
    <ClCompile Include="grpc_server\service.cpp">
      <Filter>源文件\grpc_server</Filter>
    </ClCompile>
    <ClCompile Include="grpc_client\client.cpp">
      <Filter>源文件\grpc_client</Filter>
    </ClCompile>
    <ClCompile Include="grpc_client\client_connect_base.cpp">
      <Filter>源文件\grpc_client</Filter>
    </ClCompile>
    <ClCompile Include="grpc_client\client_connect_write_stream.cpp">
      <Filter>源文件\grpc_client</Filter>
    </ClCompile>
    <ClCompile Include="grpc_client\client_connect_read_stream.cpp">
      <Filter>源文件\grpc_client</Filter>
    </ClCompile>
    <ClCompile Include="grpc_client\client_connect_read_write_stream.cpp">
      <Filter>源文件\grpc_client</Filter>
    </ClCompile>
    <ClCompile Include="main.cpp">
      <Filter>源文件</Filter>
    </ClCompile>
    <ClCompile Include="proto\ez.pb.cc">
      <Filter>proto</Filter>
    </ClCompile>
    <ClCompile Include="proto\ez.grpc.pb.cc">
      <Filter>proto</Filter>
    </ClCompile>
    <ClCompile Include="grpc_server\client_stream_reactor.cpp">
      <Filter>源文件\grpc_server</Filter>
    </ClCompile>
    <ClCompile Include="grpc_server\connect_reactor.cpp">
      <Filter>源文件\grpc_server</Filter>
    </ClCompile>
  </ItemGroup>
  <ItemGroup>
    <None Include="proto\ez.proto">
      <Filter>proto</Filter>
    </None>
  </ItemGroup>
  <ItemGroup>
    <ResourceCompile Include="ez_grpc.rc">
      <Filter>资源文件</Filter>
    </ResourceCompile>
  </ItemGroup>
</Project>