<?xml version="1.0" encoding="utf-8"?>
<Project ToolsVersion="4.0" xmlns="http://schemas.microsoft.com/developer/msbuild/2003">
  <ItemGroup>
    <Filter Include="源文件">
      <UniqueIdentifier>{4FC737F1-C7A5-4376-A066-2A32D752A2FF}</UniqueIdentifier>
      <Extensions>cpp;c;cc;cxx;c++;cppm;ixx;def;odl;idl;hpj;bat;asm;asmx</Extensions>
    </Filter>
    <Filter Include="头文件">
      <UniqueIdentifier>{93995380-89BD-4b04-88EB-625FBE52EBFB}</UniqueIdentifier>
      <Extensions>h;hh;hpp;hxx;h++;hm;inl;inc;ipp;xsd</Extensions>
    </Filter>
    <Filter Include="资源文件">
      <UniqueIdentifier>{67DA6AB6-F800-4c08-8B7A-83BB121AAD01}</UniqueIdentifier>
      <Extensions>rc;ico;cur;bmp;dlg;rc2;rct;bin;rgs;gif;jpg;jpeg;jpe;resx;tiff;tif;png;wav;mfcribbon-ms</Extensions>
    </Filter>
    <Filter Include="源文件\grpc_server">
      <UniqueIdentifier>{db967a65-2957-40d2-923b-24151f73ed03}</UniqueIdentifier>
    </Filter>
    <Filter Include="源文件\grpc_client">
      <UniqueIdentifier>{6d3be546-6d8d-404b-a39a-94e424066bd2}</UniqueIdentifier>
    </Filter>
    <Filter Include="头文件\client">
      <UniqueIdentifier>{2d8a2fc3-74db-4491-b60b-53220215deee}</UniqueIdentifier>
    </Filter>
    <Filter Include="源文件\proto">
      <UniqueIdentifier>{cd6d78ad-263d-484b-915e-e6f509ea8c02}</UniqueIdentifier>
    </Filter>
    <Filter Include="头文件\server">
      <UniqueIdentifier>{8948124e-2a7f-4d29-813d-82226bb19a52}</UniqueIdentifier>
    </Filter>
    <Filter Include="头文件\common">
      <UniqueIdentifier>{272c1db1-d1fa-42d6-b9c9-75a781762157}</UniqueIdentifier>
    </Filter>
    <Filter Include="源文件\common">
      <UniqueIdentifier>{98a7cae2-4612-4f2d-92a7-3add078abdab}</UniqueIdentifier>
    </Filter>
    <Filter Include="源文件\utils">
      <UniqueIdentifier>{0e7b4b74-8099-4667-8789-0b48dc50358e}</UniqueIdentifier>
    </Filter>
  </ItemGroup>
  <ItemGroup>
    <ClCompile Include="src\main.cpp">
      <Filter>源文件</Filter>
    </ClCompile>
    <ClCompile Include="src\grpc_server\service.cpp">
      <Filter>源文件\grpc_server</Filter>
    </ClCompile>
    <ClCompile Include="src\grpc_server\server.cpp">
      <Filter>源文件\grpc_server</Filter>
    </ClCompile>
    <ClCompile Include="src\grpc_client\client.cpp">
      <Filter>源文件\grpc_client</Filter>
    </ClCompile>
    <ClCompile Include="src\proto\base.grpc.pb.cc">
      <Filter>源文件\proto</Filter>
    </ClCompile>
    <ClCompile Include="src\proto\base.pb.cc">
      <Filter>源文件\proto</Filter>
    </ClCompile>
    <ClCompile Include="src\grpc_client\client_connect_internal.cpp">
      <Filter>源文件\grpc_client</Filter>
    </ClCompile>
    <ClCompile Include="src\grpc_server\server_connect.cpp">
      <Filter>源文件\grpc_server</Filter>
    </ClCompile>
    <ClCompile Include="src\grpc_server\stream_server.cpp">
      <Filter>源文件\grpc_server</Filter>
    </ClCompile>
    <ClCompile Include="src\common\subscriber.cpp">
      <Filter>源文件\common</Filter>
    </ClCompile>
  </ItemGroup>
  <ItemGroup>
    <ClInclude Include="src\grpc_server\service.h">
      <Filter>源文件\grpc_server</Filter>
    </ClInclude>
    <ClInclude Include="src\grpc_server\server.h">
      <Filter>源文件\grpc_server</Filter>
    </ClInclude>
    <ClInclude Include="src\proto\base.grpc.pb.h">
      <Filter>源文件\proto</Filter>
    </ClInclude>
    <ClInclude Include="src\proto\base.pb.h">
      <Filter>源文件\proto</Filter>
    </ClInclude>
    <ClInclude Include="src\grpc_client\client_connect_internal.h">
      <Filter>源文件\grpc_client</Filter>
    </ClInclude>
    <ClInclude Include="include\ez_grpc\common\connect.h">
      <Filter>头文件\common</Filter>
    </ClInclude>
    <ClInclude Include="include\ez_grpc\client\client_connect.h">
      <Filter>头文件\client</Filter>
    </ClInclude>
    <ClInclude Include="include\ez_grpc\client\client.h">
      <Filter>头文件\client</Filter>
    </ClInclude>
    <ClInclude Include="include\ez_grpc\server\server.h">
      <Filter>头文件\server</Filter>
    </ClInclude>
    <ClInclude Include="src\grpc_server\server_connect.h">
      <Filter>源文件\grpc_server</Filter>
    </ClInclude>
    <ClInclude Include="src\grpc_server\stream_server.h">
      <Filter>源文件\grpc_server</Filter>
    </ClInclude>
    <ClInclude Include="include\ez_grpc\server\server_connect.h">
      <Filter>头文件\server</Filter>
    </ClInclude>
    <ClInclude Include="include\ez_grpc\common\status.h">
      <Filter>头文件\common</Filter>
    </ClInclude>
    <ClInclude Include="include\ez_grpc\common\handler.h">
      <Filter>头文件\common</Filter>
    </ClInclude>
    <ClInclude Include="include\ez_grpc\common\subscriber.h">
      <Filter>头文件\common</Filter>
    </ClInclude>
    <ClInclude Include="src\common\flog.h">
      <Filter>源文件\common</Filter>
    </ClInclude>
    <ClInclude Include="src\common\subscriber.h">
      <Filter>源文件\common</Filter>
    </ClInclude>
    <ClInclude Include="..\Common\ThreadPool.hpp">
      <Filter>源文件\utils</Filter>
    </ClInclude>
  </ItemGroup>
  <ItemGroup>
    <None Include="src\proto\base.proto">
      <Filter>源文件\proto</Filter>
    </None>
  </ItemGroup>
</Project>